// !$*UTF8*$!
{
	archiveVersion = 1;
	classes = {
	};
	objectVersion = 50;
	objects = {

/* Begin PBXBuildFile section */
		77D4B69F22716C3900883566 /* AppDelegate.swift in Sources */ = {isa = PBXBuildFile; fileRef = 77D4B69E22716C3900883566 /* AppDelegate.swift */; };
		77D4B6A122716C3900883566 /* ViewController.swift in Sources */ = {isa = PBXBuildFile; fileRef = 77D4B6A022716C3900883566 /* ViewController.swift */; };
		77D4B6A422716C3900883566 /* Main.storyboard in Resources */ = {isa = PBXBuildFile; fileRef = 77D4B6A222716C3900883566 /* Main.storyboard */; };
		77D4B6A622716C3A00883566 /* Assets.xcassets in Resources */ = {isa = PBXBuildFile; fileRef = 77D4B6A522716C3A00883566 /* Assets.xcassets */; };
		77D4B6A922716C3A00883566 /* LaunchScreen.storyboard in Resources */ = {isa = PBXBuildFile; fileRef = 77D4B6A722716C3A00883566 /* LaunchScreen.storyboard */; };
		77D4B6B422716C3A00883566 /* SaveTheKittensTests.swift in Sources */ = {isa = PBXBuildFile; fileRef = 77D4B6B322716C3A00883566 /* SaveTheKittensTests.swift */; };
		77D4B6BF22716C3A00883566 /* SaveTheKittensUITests.swift in Sources */ = {isa = PBXBuildFile; fileRef = 77D4B6BE22716C3A00883566 /* SaveTheKittensUITests.swift */; };
/* End PBXBuildFile section */

/* Begin PBXContainerItemProxy section */
		77D4B6B022716C3A00883566 /* PBXContainerItemProxy */ = {
			isa = PBXContainerItemProxy;
			containerPortal = 77D4B69322716C3900883566 /* Project object */;
			proxyType = 1;
			remoteGlobalIDString = 77D4B69A22716C3900883566;
			remoteInfo = SaveTheKittens;
		};
		77D4B6BB22716C3A00883566 /* PBXContainerItemProxy */ = {
			isa = PBXContainerItemProxy;
			containerPortal = 77D4B69322716C3900883566 /* Project object */;
			proxyType = 1;
			remoteGlobalIDString = 77D4B69A22716C3900883566;
			remoteInfo = SaveTheKittens;
		};
/* End PBXContainerItemProxy section */

/* Begin PBXFileReference section */
		77D4B69B22716C3900883566 /* SaveTheKittens.app */ = {isa = PBXFileReference; explicitFileType = wrapper.application; includeInIndex = 0; path = SaveTheKittens.app; sourceTree = BUILT_PRODUCTS_DIR; };
		77D4B69E22716C3900883566 /* AppDelegate.swift */ = {isa = PBXFileReference; lastKnownFileType = sourcecode.swift; path = AppDelegate.swift; sourceTree = "<group>"; };
		77D4B6A022716C3900883566 /* ViewController.swift */ = {isa = PBXFileReference; lastKnownFileType = sourcecode.swift; path = ViewController.swift; sourceTree = "<group>"; };
		77D4B6A322716C3900883566 /* Base */ = {isa = PBXFileReference; lastKnownFileType = file.storyboard; name = Base; path = Base.lproj/Main.storyboard; sourceTree = "<group>"; };
		77D4B6A522716C3A00883566 /* Assets.xcassets */ = {isa = PBXFileReference; lastKnownFileType = folder.assetcatalog; path = Assets.xcassets; sourceTree = "<group>"; };
		77D4B6A822716C3A00883566 /* Base */ = {isa = PBXFileReference; lastKnownFileType = file.storyboard; name = Base; path = Base.lproj/LaunchScreen.storyboard; sourceTree = "<group>"; };
		77D4B6AA22716C3A00883566 /* Info.plist */ = {isa = PBXFileReference; lastKnownFileType = text.plist.xml; path = Info.plist; sourceTree = "<group>"; };
		77D4B6AF22716C3A00883566 /* SaveTheKittensTests.xctest */ = {isa = PBXFileReference; explicitFileType = wrapper.cfbundle; includeInIndex = 0; path = SaveTheKittensTests.xctest; sourceTree = BUILT_PRODUCTS_DIR; };
		77D4B6B322716C3A00883566 /* SaveTheKittensTests.swift */ = {isa = PBXFileReference; lastKnownFileType = sourcecode.swift; path = SaveTheKittensTests.swift; sourceTree = "<group>"; };
		77D4B6B522716C3A00883566 /* Info.plist */ = {isa = PBXFileReference; lastKnownFileType = text.plist.xml; path = Info.plist; sourceTree = "<group>"; };
		77D4B6BA22716C3A00883566 /* SaveTheKittensUITests.xctest */ = {isa = PBXFileReference; explicitFileType = wrapper.cfbundle; includeInIndex = 0; path = SaveTheKittensUITests.xctest; sourceTree = BUILT_PRODUCTS_DIR; };
		77D4B6BE22716C3A00883566 /* SaveTheKittensUITests.swift */ = {isa = PBXFileReference; lastKnownFileType = sourcecode.swift; path = SaveTheKittensUITests.swift; sourceTree = "<group>"; };
		77D4B6C022716C3A00883566 /* Info.plist */ = {isa = PBXFileReference; lastKnownFileType = text.plist.xml; path = Info.plist; sourceTree = "<group>"; };
/* End PBXFileReference section */

/* Begin PBXFrameworksBuildPhase section */
		77D4B69822716C3900883566 /* Frameworks */ = {
			isa = PBXFrameworksBuildPhase;
			buildActionMask = 2147483647;
			files = (
			);
			runOnlyForDeploymentPostprocessing = 0;
		};
		77D4B6AC22716C3A00883566 /* Frameworks */ = {
			isa = PBXFrameworksBuildPhase;
			buildActionMask = 2147483647;
			files = (
			);
			runOnlyForDeploymentPostprocessing = 0;
		};
		77D4B6B722716C3A00883566 /* Frameworks */ = {
			isa = PBXFrameworksBuildPhase;
			buildActionMask = 2147483647;
			files = (
			);
			runOnlyForDeploymentPostprocessing = 0;
		};
/* End PBXFrameworksBuildPhase section */

/* Begin PBXGroup section */
		77D4B69222716C3900883566 = {
			isa = PBXGroup;
			children = (
				77D4B69D22716C3900883566 /* SaveTheKittens */,
				77D4B6B222716C3A00883566 /* SaveTheKittensTests */,
				77D4B6BD22716C3A00883566 /* SaveTheKittensUITests */,
				77D4B69C22716C3900883566 /* Products */,
			);
			sourceTree = "<group>";
		};
		77D4B69C22716C3900883566 /* Products */ = {
			isa = PBXGroup;
			children = (
				77D4B69B22716C3900883566 /* SaveTheKittens.app */,
				77D4B6AF22716C3A00883566 /* SaveTheKittensTests.xctest */,
				77D4B6BA22716C3A00883566 /* SaveTheKittensUITests.xctest */,
			);
			name = Products;
			sourceTree = "<group>";
		};
		77D4B69D22716C3900883566 /* SaveTheKittens */ = {
			isa = PBXGroup;
			children = (
				77D4B69E22716C3900883566 /* AppDelegate.swift */,
				77D4B6A022716C3900883566 /* ViewController.swift */,
				77D4B6A222716C3900883566 /* Main.storyboard */,
				77D4B6A522716C3A00883566 /* Assets.xcassets */,
				77D4B6A722716C3A00883566 /* LaunchScreen.storyboard */,
				77D4B6AA22716C3A00883566 /* Info.plist */,
			);
			path = SaveTheKittens;
			sourceTree = "<group>";
		};
		77D4B6B222716C3A00883566 /* SaveTheKittensTests */ = {
			isa = PBXGroup;
			children = (
				77D4B6B322716C3A00883566 /* SaveTheKittensTests.swift */,
				77D4B6B522716C3A00883566 /* Info.plist */,
			);
			path = SaveTheKittensTests;
			sourceTree = "<group>";
		};
		77D4B6BD22716C3A00883566 /* SaveTheKittensUITests */ = {
			isa = PBXGroup;
			children = (
				77D4B6BE22716C3A00883566 /* SaveTheKittensUITests.swift */,
				77D4B6C022716C3A00883566 /* Info.plist */,
			);
			path = SaveTheKittensUITests;
			sourceTree = "<group>";
		};
/* End PBXGroup section */

/* Begin PBXNativeTarget section */
		77D4B69A22716C3900883566 /* SaveTheKittens */ = {
			isa = PBXNativeTarget;
			buildConfigurationList = 77D4B6C322716C3B00883566 /* Build configuration list for PBXNativeTarget "SaveTheKittens" */;
			buildPhases = (
				77D4B69722716C3900883566 /* Sources */,
				77D4B69822716C3900883566 /* Frameworks */,
				77D4B69922716C3900883566 /* Resources */,
			);
			buildRules = (
			);
			dependencies = (
			);
			name = SaveTheKittens;
			productName = SaveTheKittens;
			productReference = 77D4B69B22716C3900883566 /* SaveTheKittens.app */;
			productType = "com.apple.product-type.application";
		};
		77D4B6AE22716C3A00883566 /* SaveTheKittensTests */ = {
			isa = PBXNativeTarget;
			buildConfigurationList = 77D4B6C622716C3B00883566 /* Build configuration list for PBXNativeTarget "SaveTheKittensTests" */;
			buildPhases = (
				77D4B6AB22716C3A00883566 /* Sources */,
				77D4B6AC22716C3A00883566 /* Frameworks */,
				77D4B6AD22716C3A00883566 /* Resources */,
			);
			buildRules = (
			);
			dependencies = (
				77D4B6B122716C3A00883566 /* PBXTargetDependency */,
			);
			name = SaveTheKittensTests;
			productName = SaveTheKittensTests;
			productReference = 77D4B6AF22716C3A00883566 /* SaveTheKittensTests.xctest */;
			productType = "com.apple.product-type.bundle.unit-test";
		};
		77D4B6B922716C3A00883566 /* SaveTheKittensUITests */ = {
			isa = PBXNativeTarget;
			buildConfigurationList = 77D4B6C922716C3B00883566 /* Build configuration list for PBXNativeTarget "SaveTheKittensUITests" */;
			buildPhases = (
				77D4B6B622716C3A00883566 /* Sources */,
				77D4B6B722716C3A00883566 /* Frameworks */,
				77D4B6B822716C3A00883566 /* Resources */,
			);
			buildRules = (
			);
			dependencies = (
				77D4B6BC22716C3A00883566 /* PBXTargetDependency */,
			);
			name = SaveTheKittensUITests;
			productName = SaveTheKittensUITests;
			productReference = 77D4B6BA22716C3A00883566 /* SaveTheKittensUITests.xctest */;
			productType = "com.apple.product-type.bundle.ui-testing";
		};
/* End PBXNativeTarget section */

/* Begin PBXProject section */
		77D4B69322716C3900883566 /* Project object */ = {
			isa = PBXProject;
			attributes = {
				LastSwiftUpdateCheck = 1010;
				LastUpgradeCheck = 1010;
				ORGANIZATIONNAME = "Hector Castro";
				TargetAttributes = {
					77D4B69A22716C3900883566 = {
						CreatedOnToolsVersion = 10.1;
					};
					77D4B6AE22716C3A00883566 = {
						CreatedOnToolsVersion = 10.1;
						TestTargetID = 77D4B69A22716C3900883566;
					};
					77D4B6B922716C3A00883566 = {
						CreatedOnToolsVersion = 10.1;
						TestTargetID = 77D4B69A22716C3900883566;
					};
				};
			};
			buildConfigurationList = 77D4B69622716C3900883566 /* Build configuration list for PBXProject "SaveTheKittens" */;
			compatibilityVersion = "Xcode 9.3";
			developmentRegion = en;
			hasScannedForEncodings = 0;
			knownRegions = (
				en,
				Base,
			);
			mainGroup = 77D4B69222716C3900883566;
			productRefGroup = 77D4B69C22716C3900883566 /* Products */;
			projectDirPath = "";
			projectRoot = "";
			targets = (
				77D4B69A22716C3900883566 /* SaveTheKittens */,
				77D4B6AE22716C3A00883566 /* SaveTheKittensTests */,
				77D4B6B922716C3A00883566 /* SaveTheKittensUITests */,
			);
		};
/* End PBXProject section */

/* Begin PBXResourcesBuildPhase section */
		77D4B69922716C3900883566 /* Resources */ = {
			isa = PBXResourcesBuildPhase;
			buildActionMask = 2147483647;
			files = (
				77D4B6A922716C3A00883566 /* LaunchScreen.storyboard in Resources */,
				77D4B6A622716C3A00883566 /* Assets.xcassets in Resources */,
				77D4B6A422716C3900883566 /* Main.storyboard in Resources */,
			);
			runOnlyForDeploymentPostprocessing = 0;
		};
		77D4B6AD22716C3A00883566 /* Resources */ = {
			isa = PBXResourcesBuildPhase;
			buildActionMask = 2147483647;
			files = (
			);
			runOnlyForDeploymentPostprocessing = 0;
		};
		77D4B6B822716C3A00883566 /* Resources */ = {
			isa = PBXResourcesBuildPhase;
			buildActionMask = 2147483647;
			files = (
			);
			runOnlyForDeploymentPostprocessing = 0;
		};
/* End PBXResourcesBuildPhase section */

/* Begin PBXSourcesBuildPhase section */
		77D4B69722716C3900883566 /* Sources */ = {
			isa = PBXSourcesBuildPhase;
			buildActionMask = 2147483647;
			files = (
				77D4B6A122716C3900883566 /* ViewController.swift in Sources */,
				77D4B69F22716C3900883566 /* AppDelegate.swift in Sources */,
			);
			runOnlyForDeploymentPostprocessing = 0;
		};
		77D4B6AB22716C3A00883566 /* Sources */ = {
			isa = PBXSourcesBuildPhase;
			buildActionMask = 2147483647;
			files = (
				77D4B6B422716C3A00883566 /* SaveTheKittensTests.swift in Sources */,
			);
			runOnlyForDeploymentPostprocessing = 0;
		};
		77D4B6B622716C3A00883566 /* Sources */ = {
			isa = PBXSourcesBuildPhase;
			buildActionMask = 2147483647;
			files = (
				77D4B6BF22716C3A00883566 /* SaveTheKittensUITests.swift in Sources */,
			);
			runOnlyForDeploymentPostprocessing = 0;
		};
/* End PBXSourcesBuildPhase section */

/* Begin PBXTargetDependency section */
		77D4B6B122716C3A00883566 /* PBXTargetDependency */ = {
			isa = PBXTargetDependency;
			target = 77D4B69A22716C3900883566 /* SaveTheKittens */;
			targetProxy = 77D4B6B022716C3A00883566 /* PBXContainerItemProxy */;
		};
		77D4B6BC22716C3A00883566 /* PBXTargetDependency */ = {
			isa = PBXTargetDependency;
			target = 77D4B69A22716C3900883566 /* SaveTheKittens */;
			targetProxy = 77D4B6BB22716C3A00883566 /* PBXContainerItemProxy */;
		};
/* End PBXTargetDependency section */

/* Begin PBXVariantGroup section */
		77D4B6A222716C3900883566 /* Main.storyboard */ = {
			isa = PBXVariantGroup;
			children = (
				77D4B6A322716C3900883566 /* Base */,
			);
			name = Main.storyboard;
			sourceTree = "<group>";
		};
		77D4B6A722716C3A00883566 /* LaunchScreen.storyboard */ = {
			isa = PBXVariantGroup;
			children = (
				77D4B6A822716C3A00883566 /* Base */,
			);
			name = LaunchScreen.storyboard;
			sourceTree = "<group>";
		};
/* End PBXVariantGroup section */

/* Begin XCBuildConfiguration section */
		77D4B6C122716C3B00883566 /* Debug */ = {
			isa = XCBuildConfiguration;
			buildSettings = {
				ALWAYS_SEARCH_USER_PATHS = NO;
				CLANG_ANALYZER_NONNULL = YES;
				CLANG_ANALYZER_NUMBER_OBJECT_CONVERSION = YES_AGGRESSIVE;
				CLANG_CXX_LANGUAGE_STANDARD = "gnu++14";
				CLANG_CXX_LIBRARY = "libc++";
				CLANG_ENABLE_MODULES = YES;
				CLANG_ENABLE_OBJC_ARC = YES;
				CLANG_ENABLE_OBJC_WEAK = YES;
				CLANG_WARN_BLOCK_CAPTURE_AUTORELEASING = YES;
				CLANG_WARN_BOOL_CONVERSION = YES;
				CLANG_WARN_COMMA = YES;
				CLANG_WARN_CONSTANT_CONVERSION = YES;
				CLANG_WARN_DEPRECATED_OBJC_IMPLEMENTATIONS = YES;
				CLANG_WARN_DIRECT_OBJC_ISA_USAGE = YES_ERROR;
				CLANG_WARN_DOCUMENTATION_COMMENTS = YES;
				CLANG_WARN_EMPTY_BODY = YES;
				CLANG_WARN_ENUM_CONVERSION = YES;
				CLANG_WARN_INFINITE_RECURSION = YES;
				CLANG_WARN_INT_CONVERSION = YES;
				CLANG_WARN_NON_LITERAL_NULL_CONVERSION = YES;
				CLANG_WARN_OBJC_IMPLICIT_RETAIN_SELF = YES;
				CLANG_WARN_OBJC_LITERAL_CONVERSION = YES;
				CLANG_WARN_OBJC_ROOT_CLASS = YES_ERROR;
				CLANG_WARN_RANGE_LOOP_ANALYSIS = YES;
				CLANG_WARN_STRICT_PROTOTYPES = YES;
				CLANG_WARN_SUSPICIOUS_MOVE = YES;
				CLANG_WARN_UNGUARDED_AVAILABILITY = YES_AGGRESSIVE;
				CLANG_WARN_UNREACHABLE_CODE = YES;
				CLANG_WARN__DUPLICATE_METHOD_MATCH = YES;
				CODE_SIGN_IDENTITY = "iPhone Developer";
				COPY_PHASE_STRIP = NO;
				DEBUG_INFORMATION_FORMAT = dwarf;
				ENABLE_STRICT_OBJC_MSGSEND = YES;
				ENABLE_TESTABILITY = YES;
				GCC_C_LANGUAGE_STANDARD = gnu11;
				GCC_DYNAMIC_NO_PIC = NO;
				GCC_NO_COMMON_BLOCKS = YES;
				GCC_OPTIMIZATION_LEVEL = 0;
				GCC_PREPROCESSOR_DEFINITIONS = (
					"DEBUG=1",
					"$(inherited)",
				);
				GCC_WARN_64_TO_32_BIT_CONVERSION = YES;
				GCC_WARN_ABOUT_RETURN_TYPE = YES_ERROR;
				GCC_WARN_UNDECLARED_SELECTOR = YES;
				GCC_WARN_UNINITIALIZED_AUTOS = YES_AGGRESSIVE;
				GCC_WARN_UNUSED_FUNCTION = YES;
				GCC_WARN_UNUSED_VARIABLE = YES;
				IPHONEOS_DEPLOYMENT_TARGET = 12.1;
				MTL_ENABLE_DEBUG_INFO = INCLUDE_SOURCE;
				MTL_FAST_MATH = YES;
				ONLY_ACTIVE_ARCH = YES;
				SDKROOT = iphoneos;
				SWIFT_ACTIVE_COMPILATION_CONDITIONS = DEBUG;
				SWIFT_OPTIMIZATION_LEVEL = "-Onone";
			};
			name = Debug;
		};
		77D4B6C222716C3B00883566 /* Release */ = {
			isa = XCBuildConfiguration;
			buildSettings = {
				ALWAYS_SEARCH_USER_PATHS = NO;
				CLANG_ANALYZER_NONNULL = YES;
				CLANG_ANALYZER_NUMBER_OBJECT_CONVERSION = YES_AGGRESSIVE;
				CLANG_CXX_LANGUAGE_STANDARD = "gnu++14";
				CLANG_CXX_LIBRARY = "libc++";
				CLANG_ENABLE_MODULES = YES;
				CLANG_ENABLE_OBJC_ARC = YES;
				CLANG_ENABLE_OBJC_WEAK = YES;
				CLANG_WARN_BLOCK_CAPTURE_AUTORELEASING = YES;
				CLANG_WARN_BOOL_CONVERSION = YES;
				CLANG_WARN_COMMA = YES;
				CLANG_WARN_CONSTANT_CONVERSION = YES;
				CLANG_WARN_DEPRECATED_OBJC_IMPLEMENTATIONS = YES;
				CLANG_WARN_DIRECT_OBJC_ISA_USAGE = YES_ERROR;
				CLANG_WARN_DOCUMENTATION_COMMENTS = YES;
				CLANG_WARN_EMPTY_BODY = YES;
				CLANG_WARN_ENUM_CONVERSION = YES;
				CLANG_WARN_INFINITE_RECURSION = YES;
				CLANG_WARN_INT_CONVERSION = YES;
				CLANG_WARN_NON_LITERAL_NULL_CONVERSION = YES;
				CLANG_WARN_OBJC_IMPLICIT_RETAIN_SELF = YES;
				CLANG_WARN_OBJC_LITERAL_CONVERSION = YES;
				CLANG_WARN_OBJC_ROOT_CLASS = YES_ERROR;
				CLANG_WARN_RANGE_LOOP_ANALYSIS = YES;
				CLANG_WARN_STRICT_PROTOTYPES = YES;
				CLANG_WARN_SUSPICIOUS_MOVE = YES;
				CLANG_WARN_UNGUARDED_AVAILABILITY = YES_AGGRESSIVE;
				CLANG_WARN_UNREACHABLE_CODE = YES;
				CLANG_WARN__DUPLICATE_METHOD_MATCH = YES;
				CODE_SIGN_IDENTITY = "iPhone Developer";
				COPY_PHASE_STRIP = NO;
				DEBUG_INFORMATION_FORMAT = "dwarf-with-dsym";
				ENABLE_NS_ASSERTIONS = NO;
				ENABLE_STRICT_OBJC_MSGSEND = YES;
				GCC_C_LANGUAGE_STANDARD = gnu11;
				GCC_NO_COMMON_BLOCKS = YES;
				GCC_WARN_64_TO_32_BIT_CONVERSION = YES;
				GCC_WARN_ABOUT_RETURN_TYPE = YES_ERROR;
				GCC_WARN_UNDECLARED_SELECTOR = YES;
				GCC_WARN_UNINITIALIZED_AUTOS = YES_AGGRESSIVE;
				GCC_WARN_UNUSED_FUNCTION = YES;
				GCC_WARN_UNUSED_VARIABLE = YES;
				IPHONEOS_DEPLOYMENT_TARGET = 12.1;
				MTL_ENABLE_DEBUG_INFO = NO;
				MTL_FAST_MATH = YES;
				SDKROOT = iphoneos;
				SWIFT_COMPILATION_MODE = wholemodule;
				SWIFT_OPTIMIZATION_LEVEL = "-O";
				VALIDATE_PRODUCT = YES;
			};
			name = Release;
		};
		77D4B6C422716C3B00883566 /* Debug */ = {
			isa = XCBuildConfiguration;
			buildSettings = {
				ASSETCATALOG_COMPILER_APPICON_NAME = AppIcon;
				CODE_SIGN_STYLE = Automatic;
				DEVELOPMENT_TEAM = L5259ZM2PL;
				INFOPLIST_FILE = SaveTheKittens/Info.plist;
				LD_RUNPATH_SEARCH_PATHS = (
					"$(inherited)",
					"@executable_path/Frameworks",
				);
				PRODUCT_BUNDLE_IDENTIFIER = GrossPower.SaveTheKittens;
				PRODUCT_NAME = "$(TARGET_NAME)";
				SWIFT_VERSION = 4.2;
				TARGETED_DEVICE_FAMILY = "1,2";
			};
			name = Debug;
		};
		77D4B6C522716C3B00883566 /* Release */ = {
			isa = XCBuildConfiguration;
			buildSettings = {
				ASSETCATALOG_COMPILER_APPICON_NAME = AppIcon;
				CODE_SIGN_STYLE = Automatic;
				DEVELOPMENT_TEAM = L5259ZM2PL;
				INFOPLIST_FILE = SaveTheKittens/Info.plist;
				LD_RUNPATH_SEARCH_PATHS = (
					"$(inherited)",
					"@executable_path/Frameworks",
				);
				PRODUCT_BUNDLE_IDENTIFIER = GrossPower.SaveTheKittens;
				PRODUCT_NAME = "$(TARGET_NAME)";
				SWIFT_VERSION = 4.2;
				TARGETED_DEVICE_FAMILY = "1,2";
			};
			name = Release;
		};
		77D4B6C722716C3B00883566 /* Debug */ = {
			isa = XCBuildConfiguration;
			buildSettings = {
				ALWAYS_EMBED_SWIFT_STANDARD_LIBRARIES = YES;
				BUNDLE_LOADER = "$(TEST_HOST)";
				CODE_SIGN_STYLE = Automatic;
				DEVELOPMENT_TEAM = L5259ZM2PL;
				INFOPLIST_FILE = SaveTheKittensTests/Info.plist;
				LD_RUNPATH_SEARCH_PATHS = (
					"$(inherited)",
					"@executable_path/Frameworks",
					"@loader_path/Frameworks",
				);
				PRODUCT_BUNDLE_IDENTIFIER = GrossPower.SaveTheKittensTests;
				PRODUCT_NAME = "$(TARGET_NAME)";
				SWIFT_VERSION = 4.2;
				TARGETED_DEVICE_FAMILY = "1,2";
				TEST_HOST = "$(BUILT_PRODUCTS_DIR)/SaveTheKittens.app/SaveTheKittens";
			};
			name = Debug;
		};
		77D4B6C822716C3B00883566 /* Release */ = {
			isa = XCBuildConfiguration;
			buildSettings = {
				ALWAYS_EMBED_SWIFT_STANDARD_LIBRARIES = YES;
				BUNDLE_LOADER = "$(TEST_HOST)";
				CODE_SIGN_STYLE = Automatic;
				DEVELOPMENT_TEAM = L5259ZM2PL;
				INFOPLIST_FILE = SaveTheKittensTests/Info.plist;
				LD_RUNPATH_SEARCH_PATHS = (
					"$(inherited)",
					"@executable_path/Frameworks",
					"@loader_path/Frameworks",
				);
				PRODUCT_BUNDLE_IDENTIFIER = GrossPower.SaveTheKittensTests;
				PRODUCT_NAME = "$(TARGET_NAME)";
				SWIFT_VERSION = 4.2;
				TARGETED_DEVICE_FAMILY = "1,2";
				TEST_HOST = "$(BUILT_PRODUCTS_DIR)/SaveTheKittens.app/SaveTheKittens";
			};
			name = Release;
		};
		77D4B6CA22716C3B00883566 /* Debug */ = {
			isa = XCBuildConfiguration;
			buildSettings = {
				ALWAYS_EMBED_SWIFT_STANDARD_LIBRARIES = YES;
				CODE_SIGN_STYLE = Automatic;
				DEVELOPMENT_TEAM = L5259ZM2PL;
				INFOPLIST_FILE = SaveTheKittensUITests/Info.plist;
				LD_RUNPATH_SEARCH_PATHS = (
					"$(inherited)",
					"@executable_path/Frameworks",
					"@loader_path/Frameworks",
				);
				PRODUCT_BUNDLE_IDENTIFIER = GrossPower.SaveTheKittensUITests;
				PRODUCT_NAME = "$(TARGET_NAME)";
				SWIFT_VERSION = 4.2;
				TARGETED_DEVICE_FAMILY = "1,2";
				TEST_TARGET_NAME = SaveTheKittens;
			};
			name = Debug;
		};
		77D4B6CB22716C3B00883566 /* Release */ = {
			isa = XCBuildConfiguration;
			buildSettings = {
				ALWAYS_EMBED_SWIFT_STANDARD_LIBRARIES = YES;
				CODE_SIGN_STYLE = Automatic;
				DEVELOPMENT_TEAM = L5259ZM2PL;
				INFOPLIST_FILE = SaveTheKittensUITests/Info.plist;
				LD_RUNPATH_SEARCH_PATHS = (
					"$(inherited)",
					"@executable_path/Frameworks",
					"@loader_path/Frameworks",
				);
				PRODUCT_BUNDLE_IDENTIFIER = GrossPower.SaveTheKittensUITests;
				PRODUCT_NAME = "$(TARGET_NAME)";
				SWIFT_VERSION = 4.2;
				TARGETED_DEVICE_FAMILY = "1,2";
				TEST_TARGET_NAME = SaveTheKittens;
			};
			name = Release;
		};
/* End XCBuildConfiguration section */

/* Begin XCConfigurationList section */
		77D4B69622716C3900883566 /* Build configuration list for PBXProject "SaveTheKittens" */ = {
			isa = XCConfigurationList;
			buildConfigurations = (
				77D4B6C122716C3B00883566 /* Debug */,
				77D4B6C222716C3B00883566 /* Release */,
			);
			defaultConfigurationIsVisible = 0;
			defaultConfigurationName = Release;
		};
		77D4B6C322716C3B00883566 /* Build configuration list for PBXNativeTarget "SaveTheKittens" */ = {
			isa = XCConfigurationList;
			buildConfigurations = (
				77D4B6C422716C3B00883566 /* Debug */,
				77D4B6C522716C3B00883566 /* Release */,
			);
			defaultConfigurationIsVisible = 0;
			defaultConfigurationName = Release;
		};
		77D4B6C622716C3B00883566 /* Build configuration list for PBXNativeTarget "SaveTheKittensTests" */ = {
			isa = XCConfigurationList;
			buildConfigurations = (
				77D4B6C722716C3B00883566 /* Debug */,
				77D4B6C822716C3B00883566 /* Release */,
			);
			defaultConfigurationIsVisible = 0;
			defaultConfigurationName = Release;
		};
		77D4B6C922716C3B00883566 /* Build configuration list for PBXNativeTarget "SaveTheKittensUITests" */ = {
			isa = XCConfigurationList;
			buildConfigurations = (
				77D4B6CA22716C3B00883566 /* Debug */,
				77D4B6CB22716C3B00883566 /* Release */,
			);
			defaultConfigurationIsVisible = 0;
			defaultConfigurationName = Release;
		};
/* End XCConfigurationList section */
	};
	rootObject = 77D4B69322716C3900883566 /* Project object */;
}
